# This file is automatically @generated by Poetry 1.8.2 and should not be changed by hand.

[[package]]
name = "beautifulsoup4"
version = "4.12.3"
description = "Screen-scraping library"
optional = false
python-versions = ">=3.6.0"
files = [
    {file = "beautifulsoup4-4.12.3-py3-none-any.whl", hash = "sha256:b80878c9f40111313e55da8ba20bdba06d8fa3969fc68304167741bbf9e082ed"},
    {file = "beautifulsoup4-4.12.3.tar.gz", hash = "sha256:74e3d1928edc070d21748185c46e3fb33490f22f52a3addee9aee0f4f7781051"},
]

[package.dependencies]
soupsieve = ">1.2"

[package.extras]
cchardet = ["cchardet"]
chardet = ["chardet"]
charset-normalizer = ["charset-normalizer"]
html5lib = ["html5lib"]
lxml = ["lxml"]

[[package]]
name = "html2text"
version = "2024.2.26"
description = "Turn HTML into equivalent Markdown-structured text."
optional = false
python-versions = ">=3.8"
files = [
    {file = "html2text-2024.2.26.tar.gz", hash = "sha256:05f8e367d15aaabc96415376776cdd11afd5127a77fce6e36afc60c563ca2c32"},
]

[[package]]
name = "markdown"
version = "3.7"
description = "Python implementation of John Gruber's Markdown."
optional = false
python-versions = ">=3.8"
files = [
    {file = "Markdown-3.7-py3-none-any.whl", hash = "sha256:7eb6df5690b81a1d7942992c97fad2938e956e79df20cbc6186e9c3a77b1c803"},
    {file = "markdown-3.7.tar.gz", hash = "sha256:2ae2471477cfd02dbbf038d5d9bc226d40def84b4fe2986e49b59b6b472bbed2"},
]

[package.extras]
docs = ["mdx-gh-links (>=0.2)", "mkdocs (>=1.5)", "mkdocs-gen-files", "mkdocs-literate-nav", "mkdocs-nature (>=0.6)", "mkdocs-section-index", "mkdocstrings[python]"]
testing = ["coverage", "pyyaml"]

[[package]]
name = "pymupdf"
version = "1.24.12"
description = "A high performance Python library for data extraction, analysis, conversion & manipulation of PDF (and other) documents."
optional = false
python-versions = ">=3.9"
files = [
    {file = "PyMuPDF-1.24.12-cp39-abi3-macosx_10_9_x86_64.whl", hash = "sha256:2228a46edc53bf8f83cbe5a8cf0a83bb8cf406614e6976906d3655355e079ec5"},
    {file = "PyMuPDF-1.24.12-cp39-abi3-macosx_11_0_arm64.whl", hash = "sha256:deac1546a80afc0930ffefb9714ff8aec54210ed2b1d8ecdd44e4c2b9e0ee839"},
    {file = "PyMuPDF-1.24.12-cp39-abi3-manylinux2014_aarch64.manylinux_2_17_aarch64.whl", hash = "sha256:d4a387a0e98a63b1ccc326032ffe7d3982d3d92495b661ca89ea634048e11f4e"},
    {file = "PyMuPDF-1.24.12-cp39-abi3-manylinux2014_x86_64.manylinux_2_17_x86_64.whl", hash = "sha256:dd8e8a24601c4483ed8a3699922fe48ad0179d28121816a131ba8c4534ad5682"},
    {file = "PyMuPDF-1.24.12-cp39-abi3-musllinux_1_2_x86_64.whl", hash = "sha256:f021d5060f946662345d62564fb06c4289d8522d4a249543e26de5f9ff3c9d06"},
    {file = "PyMuPDF-1.24.12-cp39-abi3-win32.whl", hash = "sha256:2d099328fefdf0ee53a4146db9b05aab120b6e4d68cc4510c07a706fed19625a"},
    {file = "PyMuPDF-1.24.12-cp39-abi3-win_amd64.whl", hash = "sha256:9017bb5c05e3480c1f5a15671be9208363e0a31307445480ac5a810672f7342e"},
    {file = "PyMuPDF-1.24.12.tar.gz", hash = "sha256:ba6d212d7a286b6fab9024c669aa314edfcbdd5b45fa6f5ea5d463a9e7576e52"},
]

[[package]]
name = "pymupdf4llm"
version = "0.0.17"
description = "PyMuPDF Utilities for LLM/RAG"
optional = false
python-versions = "*"
files = [
    {file = "pymupdf4llm-0.0.17-py3-none-any.whl", hash = "sha256:26de9996945f15e3ca507908f80dc18a959f5b5214bb2e302c7f7034089665a0"},
    {file = "pymupdf4llm-0.0.17.tar.gz", hash = "sha256:27287ef9fe0217cf37841a3ef2bcf70da2553c43d95ea39b664a6de6485678c3"},
]

[package.dependencies]
pymupdf = ">=1.24.10"

[[package]]
name = "soupsieve"
version = "2.6"
description = "A modern CSS selector implementation for Beautiful Soup."
optional = false
python-versions = ">=3.8"
files = [
    {file = "soupsieve-2.6-py3-none-any.whl", hash = "sha256:e72c4ff06e4fb6e4b5a9f0f55fe6e81514581fca1515028625d0f299c602ccc9"},
    {file = "soupsieve-2.6.tar.gz", hash = "sha256:e2e68417777af359ec65daac1057404a3c8a5455bb8abc36f1a9866ab1a51abb"},
]

[metadata]
lock-version = "2.0"
python-versions = "^3.12"
content-hash = "cb09a3a0db30fa7580ae06dfec6c3a23be7118c09569d2dcc050f3587d2670ab"
